<?xml version="1.0" encoding="UTF-8"?>
<CodeBlocks_project_file>
	<FileVersion major="1" minor="6"/>
	<Project>
		<Option title="Calibration"/>
		<Option makefile_is_custom="1"/>
		<Option compiler="gcc"/>
		<Option virtualFolders="CMake Files\;CMake Files\..\;CMake Files\..\..\;CMake Files\..\..\..\;CMake Files\..\..\..\..\;CMake Files\..\..\..\..\Qt\;CMake Files\..\..\..\..\Qt\Qt5.14.2\;CMake Files\..\..\..\..\Qt\Qt5.14.2\5.14.2\;CMake Files\..\..\..\..\Qt\Qt5.14.2\5.14.2\mingw73_64\;CMake Files\..\..\..\..\Qt\Qt5.14.2\5.14.2\mingw73_64\lib\;CMake Files\..\..\..\..\Qt\Qt5.14.2\5.14.2\mingw73_64\lib\cmake\;CMake Files\..\..\..\..\Qt\Qt5.14.2\5.14.2\mingw73_64\lib\cmake\Qt5\;CMake Files\..\..\..\..\Qt\Qt5.14.2\5.14.2\mingw73_64\lib\cmake\Qt5Widgets\;CMake Files\..\..\..\..\Qt\Qt5.14.2\5.14.2\mingw73_64\lib\cmake\Qt5Gui\;CMake Files\..\..\..\..\Qt\Qt5.14.2\5.14.2\mingw73_64\lib\cmake\Qt5Core\;CMake Files\..\..\..\..\Qt\Qt5.14.2\5.14.2\mingw73_64\lib\cmake\Qt5LinguistTools\;CMake Files\..\..\..\..\Development\;CMake Files\..\..\..\..\Development\opencv411\;CMake Files\..\..\..\..\Development\opencv411\x64\;CMake Files\..\..\..\..\Development\opencv411\x64\mingw\;CMake Files\..\..\..\..\Development\opencv411\x64\mingw\lib\;"/>
		<Build>
			<Target title="all">
				<Option working_dir="C:/Users/INTEL/Desktop/Calibration/build-Calibration-Desktop_Qt_5_14_2_MinGW_64_bit-Release"/>
				<Option type="4"/>
				<MakeCommands>
					<Build command="C:/Qt/Qt5.14.2/Tools/mingw730_64/bin/mingw32-make.exe -f &quot;C:/Users/INTEL/Desktop/Calibration/build-Calibration-Desktop_Qt_5_14_2_MinGW_64_bit-Release/Makefile&quot;  VERBOSE=1 all"/>
					<CompileFile command="C:/Qt/Qt5.14.2/Tools/mingw730_64/bin/mingw32-make.exe -f &quot;C:/Users/INTEL/Desktop/Calibration/build-Calibration-Desktop_Qt_5_14_2_MinGW_64_bit-Release/Makefile&quot;  VERBOSE=1 &quot;$file&quot;"/>
					<Clean command="C:/Qt/Qt5.14.2/Tools/mingw730_64/bin/mingw32-make.exe -f &quot;C:/Users/INTEL/Desktop/Calibration/build-Calibration-Desktop_Qt_5_14_2_MinGW_64_bit-Release/Makefile&quot;  VERBOSE=1 clean"/>
					<DistClean command="C:/Qt/Qt5.14.2/Tools/mingw730_64/bin/mingw32-make.exe -f &quot;C:/Users/INTEL/Desktop/Calibration/build-Calibration-Desktop_Qt_5_14_2_MinGW_64_bit-Release/Makefile&quot;  VERBOSE=1 clean"/>
				</MakeCommands>
			</Target>
			<Target title="Calibration">
				<Option output="C:/Users/INTEL/Desktop/Calibration/bin/Calibration.exe" prefix_auto="0" extension_auto="0"/>
				<Option working_dir="../bin"/>
				<Option object_output="./"/>
				<Option type="0"/>
				<Option compiler="gcc"/>
				<Compiler>
					<Add option="-DQT_WIDGETS_LIB"/>
					<Add option="-DQT_GUI_LIB"/>
					<Add option="-DQT_CORE_LIB"/>
					<Add option="-DQT_NO_DEBUG"/>
					<Add directory="C:/Users/INTEL/Desktop/Calibration/build-Calibration-Desktop_Qt_5_14_2_MinGW_64_bit-Release"/>
					<Add directory="C:/Users/INTEL/Desktop/Calibration"/>
					<Add directory="C:/Users/INTEL/Desktop/Calibration/build-Calibration-Desktop_Qt_5_14_2_MinGW_64_bit-Release/Calibration_autogen/include"/>
					<Add directory="C:/Users/INTEL/Desktop/Calibration/include"/>
					<Add directory="C:/Development/opencv411/include"/>
					<Add directory="C:/Qt/Qt5.14.2/5.14.2/mingw73_64/include"/>
					<Add directory="C:/Qt/Qt5.14.2/5.14.2/mingw73_64/include/QtWidgets"/>
					<Add directory="C:/Qt/Qt5.14.2/5.14.2/mingw73_64/include/QtGui"/>
					<Add directory="C:/Qt/Qt5.14.2/5.14.2/mingw73_64/include/QtANGLE"/>
					<Add directory="C:/Qt/Qt5.14.2/5.14.2/mingw73_64/include/QtCore"/>
					<Add directory="C:/Qt/Qt5.14.2/5.14.2/mingw73_64/./mkspecs/win32-g++"/>
					<Add directory="C:/Qt/Qt5.14.2/Tools/mingw730_64/bin/../lib/gcc/x86_64-w64-mingw32/7.3.0/include/c++"/>
					<Add directory="C:/Qt/Qt5.14.2/Tools/mingw730_64/bin/../lib/gcc/x86_64-w64-mingw32/7.3.0/include/c++/x86_64-w64-mingw32"/>
					<Add directory="C:/Qt/Qt5.14.2/Tools/mingw730_64/bin/../lib/gcc/x86_64-w64-mingw32/7.3.0/include/c++/backward"/>
					<Add directory="C:/Qt/Qt5.14.2/Tools/mingw730_64/bin/../lib/gcc/x86_64-w64-mingw32/7.3.0/include"/>
					<Add directory="C:/Qt/Qt5.14.2/Tools/mingw730_64/bin/../lib/gcc/x86_64-w64-mingw32/7.3.0/include-fixed"/>
					<Add directory="C:/Qt/Qt5.14.2/Tools/mingw730_64/bin/../lib/gcc/x86_64-w64-mingw32/7.3.0/../../../../x86_64-w64-mingw32/include"/>
				</Compiler>
				<MakeCommands>
					<Build command="C:/Qt/Qt5.14.2/Tools/mingw730_64/bin/mingw32-make.exe -f &quot;C:/Users/INTEL/Desktop/Calibration/build-Calibration-Desktop_Qt_5_14_2_MinGW_64_bit-Release/Makefile&quot;  VERBOSE=1 Calibration"/>
					<CompileFile command="C:/Qt/Qt5.14.2/Tools/mingw730_64/bin/mingw32-make.exe -f &quot;C:/Users/INTEL/Desktop/Calibration/build-Calibration-Desktop_Qt_5_14_2_MinGW_64_bit-Release/Makefile&quot;  VERBOSE=1 &quot;$file&quot;"/>
					<Clean command="C:/Qt/Qt5.14.2/Tools/mingw730_64/bin/mingw32-make.exe -f &quot;C:/Users/INTEL/Desktop/Calibration/build-Calibration-Desktop_Qt_5_14_2_MinGW_64_bit-Release/Makefile&quot;  VERBOSE=1 clean"/>
					<DistClean command="C:/Qt/Qt5.14.2/Tools/mingw730_64/bin/mingw32-make.exe -f &quot;C:/Users/INTEL/Desktop/Calibration/build-Calibration-Desktop_Qt_5_14_2_MinGW_64_bit-Release/Makefile&quot;  VERBOSE=1 clean"/>
				</MakeCommands>
			</Target>
			<Target title="Calibration/fast">
				<Option output="C:/Users/INTEL/Desktop/Calibration/bin/Calibration.exe" prefix_auto="0" extension_auto="0"/>
				<Option working_dir="../bin"/>
				<Option object_output="./"/>
				<Option type="0"/>
				<Option compiler="gcc"/>
				<Compiler>
					<Add option="-DQT_WIDGETS_LIB"/>
					<Add option="-DQT_GUI_LIB"/>
					<Add option="-DQT_CORE_LIB"/>
					<Add option="-DQT_NO_DEBUG"/>
					<Add directory="C:/Users/INTEL/Desktop/Calibration/build-Calibration-Desktop_Qt_5_14_2_MinGW_64_bit-Release"/>
					<Add directory="C:/Users/INTEL/Desktop/Calibration"/>
					<Add directory="C:/Users/INTEL/Desktop/Calibration/build-Calibration-Desktop_Qt_5_14_2_MinGW_64_bit-Release/Calibration_autogen/include"/>
					<Add directory="C:/Users/INTEL/Desktop/Calibration/include"/>
					<Add directory="C:/Development/opencv411/include"/>
					<Add directory="C:/Qt/Qt5.14.2/5.14.2/mingw73_64/include"/>
					<Add directory="C:/Qt/Qt5.14.2/5.14.2/mingw73_64/include/QtWidgets"/>
					<Add directory="C:/Qt/Qt5.14.2/5.14.2/mingw73_64/include/QtGui"/>
					<Add directory="C:/Qt/Qt5.14.2/5.14.2/mingw73_64/include/QtANGLE"/>
					<Add directory="C:/Qt/Qt5.14.2/5.14.2/mingw73_64/include/QtCore"/>
					<Add directory="C:/Qt/Qt5.14.2/5.14.2/mingw73_64/./mkspecs/win32-g++"/>
					<Add directory="C:/Qt/Qt5.14.2/Tools/mingw730_64/bin/../lib/gcc/x86_64-w64-mingw32/7.3.0/include/c++"/>
					<Add directory="C:/Qt/Qt5.14.2/Tools/mingw730_64/bin/../lib/gcc/x86_64-w64-mingw32/7.3.0/include/c++/x86_64-w64-mingw32"/>
					<Add directory="C:/Qt/Qt5.14.2/Tools/mingw730_64/bin/../lib/gcc/x86_64-w64-mingw32/7.3.0/include/c++/backward"/>
					<Add directory="C:/Qt/Qt5.14.2/Tools/mingw730_64/bin/../lib/gcc/x86_64-w64-mingw32/7.3.0/include"/>
					<Add directory="C:/Qt/Qt5.14.2/Tools/mingw730_64/bin/../lib/gcc/x86_64-w64-mingw32/7.3.0/include-fixed"/>
					<Add directory="C:/Qt/Qt5.14.2/Tools/mingw730_64/bin/../lib/gcc/x86_64-w64-mingw32/7.3.0/../../../../x86_64-w64-mingw32/include"/>
				</Compiler>
				<MakeCommands>
					<Build command="C:/Qt/Qt5.14.2/Tools/mingw730_64/bin/mingw32-make.exe -f &quot;C:/Users/INTEL/Desktop/Calibration/build-Calibration-Desktop_Qt_5_14_2_MinGW_64_bit-Release/Makefile&quot;  VERBOSE=1 Calibration/fast"/>
					<CompileFile command="C:/Qt/Qt5.14.2/Tools/mingw730_64/bin/mingw32-make.exe -f &quot;C:/Users/INTEL/Desktop/Calibration/build-Calibration-Desktop_Qt_5_14_2_MinGW_64_bit-Release/Makefile&quot;  VERBOSE=1 &quot;$file&quot;"/>
					<Clean command="C:/Qt/Qt5.14.2/Tools/mingw730_64/bin/mingw32-make.exe -f &quot;C:/Users/INTEL/Desktop/Calibration/build-Calibration-Desktop_Qt_5_14_2_MinGW_64_bit-Release/Makefile&quot;  VERBOSE=1 clean"/>
					<DistClean command="C:/Qt/Qt5.14.2/Tools/mingw730_64/bin/mingw32-make.exe -f &quot;C:/Users/INTEL/Desktop/Calibration/build-Calibration-Desktop_Qt_5_14_2_MinGW_64_bit-Release/Makefile&quot;  VERBOSE=1 clean"/>
				</MakeCommands>
			</Target>
			<Target title="edit_cache">
				<Option working_dir="C:/Users/INTEL/Desktop/Calibration/build-Calibration-Desktop_Qt_5_14_2_MinGW_64_bit-Release"/>
				<Option type="4"/>
				<MakeCommands>
					<Build command="C:/Qt/Qt5.14.2/Tools/mingw730_64/bin/mingw32-make.exe -f &quot;C:/Users/INTEL/Desktop/Calibration/build-Calibration-Desktop_Qt_5_14_2_MinGW_64_bit-Release/Makefile&quot;  VERBOSE=1 edit_cache"/>
					<CompileFile command="C:/Qt/Qt5.14.2/Tools/mingw730_64/bin/mingw32-make.exe -f &quot;C:/Users/INTEL/Desktop/Calibration/build-Calibration-Desktop_Qt_5_14_2_MinGW_64_bit-Release/Makefile&quot;  VERBOSE=1 &quot;$file&quot;"/>
					<Clean command="C:/Qt/Qt5.14.2/Tools/mingw730_64/bin/mingw32-make.exe -f &quot;C:/Users/INTEL/Desktop/Calibration/build-Calibration-Desktop_Qt_5_14_2_MinGW_64_bit-Release/Makefile&quot;  VERBOSE=1 clean"/>
					<DistClean command="C:/Qt/Qt5.14.2/Tools/mingw730_64/bin/mingw32-make.exe -f &quot;C:/Users/INTEL/Desktop/Calibration/build-Calibration-Desktop_Qt_5_14_2_MinGW_64_bit-Release/Makefile&quot;  VERBOSE=1 clean"/>
				</MakeCommands>
			</Target>
			<Target title="rebuild_cache">
				<Option working_dir="C:/Users/INTEL/Desktop/Calibration/build-Calibration-Desktop_Qt_5_14_2_MinGW_64_bit-Release"/>
				<Option type="4"/>
				<MakeCommands>
					<Build command="C:/Qt/Qt5.14.2/Tools/mingw730_64/bin/mingw32-make.exe -f &quot;C:/Users/INTEL/Desktop/Calibration/build-Calibration-Desktop_Qt_5_14_2_MinGW_64_bit-Release/Makefile&quot;  VERBOSE=1 rebuild_cache"/>
					<CompileFile command="C:/Qt/Qt5.14.2/Tools/mingw730_64/bin/mingw32-make.exe -f &quot;C:/Users/INTEL/Desktop/Calibration/build-Calibration-Desktop_Qt_5_14_2_MinGW_64_bit-Release/Makefile&quot;  VERBOSE=1 &quot;$file&quot;"/>
					<Clean command="C:/Qt/Qt5.14.2/Tools/mingw730_64/bin/mingw32-make.exe -f &quot;C:/Users/INTEL/Desktop/Calibration/build-Calibration-Desktop_Qt_5_14_2_MinGW_64_bit-Release/Makefile&quot;  VERBOSE=1 clean"/>
					<DistClean command="C:/Qt/Qt5.14.2/Tools/mingw730_64/bin/mingw32-make.exe -f &quot;C:/Users/INTEL/Desktop/Calibration/build-Calibration-Desktop_Qt_5_14_2_MinGW_64_bit-Release/Makefile&quot;  VERBOSE=1 clean"/>
				</MakeCommands>
			</Target>
			<Target title="Calibration_autogen">
				<Option working_dir="C:/Users/INTEL/Desktop/Calibration/build-Calibration-Desktop_Qt_5_14_2_MinGW_64_bit-Release"/>
				<Option type="4"/>
				<MakeCommands>
					<Build command="C:/Qt/Qt5.14.2/Tools/mingw730_64/bin/mingw32-make.exe -f &quot;C:/Users/INTEL/Desktop/Calibration/build-Calibration-Desktop_Qt_5_14_2_MinGW_64_bit-Release/Makefile&quot;  VERBOSE=1 Calibration_autogen"/>
					<CompileFile command="C:/Qt/Qt5.14.2/Tools/mingw730_64/bin/mingw32-make.exe -f &quot;C:/Users/INTEL/Desktop/Calibration/build-Calibration-Desktop_Qt_5_14_2_MinGW_64_bit-Release/Makefile&quot;  VERBOSE=1 &quot;$file&quot;"/>
					<Clean command="C:/Qt/Qt5.14.2/Tools/mingw730_64/bin/mingw32-make.exe -f &quot;C:/Users/INTEL/Desktop/Calibration/build-Calibration-Desktop_Qt_5_14_2_MinGW_64_bit-Release/Makefile&quot;  VERBOSE=1 clean"/>
					<DistClean command="C:/Qt/Qt5.14.2/Tools/mingw730_64/bin/mingw32-make.exe -f &quot;C:/Users/INTEL/Desktop/Calibration/build-Calibration-Desktop_Qt_5_14_2_MinGW_64_bit-Release/Makefile&quot;  VERBOSE=1 clean"/>
				</MakeCommands>
			</Target>
		</Build>
		<Unit filename="C:/Users/INTEL/Desktop/Calibration/app.rc">
			<Option target="Calibration"/>
		</Unit>
		<Unit filename="C:/Users/INTEL/Desktop/Calibration/build-Calibration-Desktop_Qt_5_14_2_MinGW_64_bit-Release/Calibration_autogen/EWIEGA46WW/qrc_uiComponents.cpp">
			<Option target="Calibration"/>
		</Unit>
		<Unit filename="C:/Users/INTEL/Desktop/Calibration/build-Calibration-Desktop_Qt_5_14_2_MinGW_64_bit-Release/Calibration_autogen/EWIEGA46WW/qrc_uiComponents.cpp.rule">
			<Option target="Calibration"/>
		</Unit>
		<Unit filename="C:/Users/INTEL/Desktop/Calibration/build-Calibration-Desktop_Qt_5_14_2_MinGW_64_bit-Release/Calibration_autogen/mocs_compilation.cpp">
			<Option target="Calibration"/>
		</Unit>
		<Unit filename="C:/Users/INTEL/Desktop/Calibration/include/dialog.h">
			<Option target="Calibration"/>
		</Unit>
		<Unit filename="C:/Users/INTEL/Desktop/Calibration/include/mainwindow.h">
			<Option target="Calibration"/>
		</Unit>
		<Unit filename="C:/Users/INTEL/Desktop/Calibration/src/dialog.cpp">
			<Option target="Calibration"/>
		</Unit>
		<Unit filename="C:/Users/INTEL/Desktop/Calibration/src/dialog.ui">
			<Option target="Calibration"/>
		</Unit>
		<Unit filename="C:/Users/INTEL/Desktop/Calibration/src/main.cpp">
			<Option target="Calibration"/>
		</Unit>
		<Unit filename="C:/Users/INTEL/Desktop/Calibration/src/mainwindow.cpp">
			<Option target="Calibration"/>
		</Unit>
		<Unit filename="C:/Users/INTEL/Desktop/Calibration/src/mainwindow.ui">
			<Option target="Calibration"/>
		</Unit>
		<Unit filename="C:/Users/INTEL/Desktop/Calibration/uiComponents.qrc">
			<Option target="Calibration"/>
		</Unit>
		<Unit filename="C:/Users/INTEL/Desktop/Calibration/CMakeLists.txt">
			<Option virtualFolder="CMake Files\"/>
		</Unit>
		<Unit filename="C:/Users/INTEL/Desktop/Calibration/uiComponents.qrc">
			<Option virtualFolder="CMake Files\"/>
		</Unit>
		<Unit filename="C:/Users/INTEL/Desktop/Calibration/../../../../Qt/Qt5.14.2/5.14.2/mingw73_64/lib/cmake/Qt5/Qt5Config.cmake">
			<Option virtualFolder="CMake Files\..\..\..\..\Qt\Qt5.14.2\5.14.2\mingw73_64\lib\cmake\Qt5\"/>
		</Unit>
		<Unit filename="C:/Users/INTEL/Desktop/Calibration/../../../../Qt/Qt5.14.2/5.14.2/mingw73_64/lib/cmake/Qt5/Qt5ConfigVersion.cmake">
			<Option virtualFolder="CMake Files\..\..\..\..\Qt\Qt5.14.2\5.14.2\mingw73_64\lib\cmake\Qt5\"/>
		</Unit>
		<Unit filename="C:/Users/INTEL/Desktop/Calibration/../../../../Qt/Qt5.14.2/5.14.2/mingw73_64/lib/cmake/Qt5/Qt5ModuleLocation.cmake">
			<Option virtualFolder="CMake Files\..\..\..\..\Qt\Qt5.14.2\5.14.2\mingw73_64\lib\cmake\Qt5\"/>
		</Unit>
		<Unit filename="C:/Users/INTEL/Desktop/Calibration/../../../../Qt/Qt5.14.2/5.14.2/mingw73_64/lib/cmake/Qt5Widgets/Qt5WidgetsConfig.cmake">
			<Option virtualFolder="CMake Files\..\..\..\..\Qt\Qt5.14.2\5.14.2\mingw73_64\lib\cmake\Qt5Widgets\"/>
		</Unit>
		<Unit filename="C:/Users/INTEL/Desktop/Calibration/../../../../Qt/Qt5.14.2/5.14.2/mingw73_64/lib/cmake/Qt5Widgets/Qt5WidgetsConfigExtras.cmake">
			<Option virtualFolder="CMake Files\..\..\..\..\Qt\Qt5.14.2\5.14.2\mingw73_64\lib\cmake\Qt5Widgets\"/>
		</Unit>
		<Unit filename="C:/Users/INTEL/Desktop/Calibration/../../../../Qt/Qt5.14.2/5.14.2/mingw73_64/lib/cmake/Qt5Widgets/Qt5WidgetsConfigVersion.cmake">
			<Option virtualFolder="CMake Files\..\..\..\..\Qt\Qt5.14.2\5.14.2\mingw73_64\lib\cmake\Qt5Widgets\"/>
		</Unit>
		<Unit filename="C:/Users/INTEL/Desktop/Calibration/../../../../Qt/Qt5.14.2/5.14.2/mingw73_64/lib/cmake/Qt5Widgets/Qt5WidgetsMacros.cmake">
			<Option virtualFolder="CMake Files\..\..\..\..\Qt\Qt5.14.2\5.14.2\mingw73_64\lib\cmake\Qt5Widgets\"/>
		</Unit>
		<Unit filename="C:/Users/INTEL/Desktop/Calibration/../../../../Qt/Qt5.14.2/5.14.2/mingw73_64/lib/cmake/Qt5Widgets/Qt5Widgets_QWindowsVistaStylePlugin.cmake">
			<Option virtualFolder="CMake Files\..\..\..\..\Qt\Qt5.14.2\5.14.2\mingw73_64\lib\cmake\Qt5Widgets\"/>
		</Unit>
		<Unit filename="C:/Users/INTEL/Desktop/Calibration/../../../../Qt/Qt5.14.2/5.14.2/mingw73_64/lib/cmake/Qt5Gui/Qt5GuiConfig.cmake">
			<Option virtualFolder="CMake Files\..\..\..\..\Qt\Qt5.14.2\5.14.2\mingw73_64\lib\cmake\Qt5Gui\"/>
		</Unit>
		<Unit filename="C:/Users/INTEL/Desktop/Calibration/../../../../Qt/Qt5.14.2/5.14.2/mingw73_64/lib/cmake/Qt5Gui/Qt5GuiConfigExtras.cmake">
			<Option virtualFolder="CMake Files\..\..\..\..\Qt\Qt5.14.2\5.14.2\mingw73_64\lib\cmake\Qt5Gui\"/>
		</Unit>
		<Unit filename="C:/Users/INTEL/Desktop/Calibration/../../../../Qt/Qt5.14.2/5.14.2/mingw73_64/lib/cmake/Qt5Gui/Qt5GuiConfigVersion.cmake">
			<Option virtualFolder="CMake Files\..\..\..\..\Qt\Qt5.14.2\5.14.2\mingw73_64\lib\cmake\Qt5Gui\"/>
		</Unit>
		<Unit filename="C:/Users/INTEL/Desktop/Calibration/../../../../Qt/Qt5.14.2/5.14.2/mingw73_64/lib/cmake/Qt5Gui/Qt5Gui_QGifPlugin.cmake">
			<Option virtualFolder="CMake Files\..\..\..\..\Qt\Qt5.14.2\5.14.2\mingw73_64\lib\cmake\Qt5Gui\"/>
		</Unit>
		<Unit filename="C:/Users/INTEL/Desktop/Calibration/../../../../Qt/Qt5.14.2/5.14.2/mingw73_64/lib/cmake/Qt5Gui/Qt5Gui_QICNSPlugin.cmake">
			<Option virtualFolder="CMake Files\..\..\..\..\Qt\Qt5.14.2\5.14.2\mingw73_64\lib\cmake\Qt5Gui\"/>
		</Unit>
		<Unit filename="C:/Users/INTEL/Desktop/Calibration/../../../../Qt/Qt5.14.2/5.14.2/mingw73_64/lib/cmake/Qt5Gui/Qt5Gui_QICOPlugin.cmake">
			<Option virtualFolder="CMake Files\..\..\..\..\Qt\Qt5.14.2\5.14.2\mingw73_64\lib\cmake\Qt5Gui\"/>
		</Unit>
		<Unit filename="C:/Users/INTEL/Desktop/Calibration/../../../../Qt/Qt5.14.2/5.14.2/mingw73_64/lib/cmake/Qt5Gui/Qt5Gui_QJpegPlugin.cmake">
			<Option virtualFolder="CMake Files\..\..\..\..\Qt\Qt5.14.2\5.14.2\mingw73_64\lib\cmake\Qt5Gui\"/>
		</Unit>
		<Unit filename="C:/Users/INTEL/Desktop/Calibration/../../../../Qt/Qt5.14.2/5.14.2/mingw73_64/lib/cmake/Qt5Gui/Qt5Gui_QMinimalIntegrationPlugin.cmake">
			<Option virtualFolder="CMake Files\..\..\..\..\Qt\Qt5.14.2\5.14.2\mingw73_64\lib\cmake\Qt5Gui\"/>
		</Unit>
		<Unit filename="C:/Users/INTEL/Desktop/Calibration/../../../../Qt/Qt5.14.2/5.14.2/mingw73_64/lib/cmake/Qt5Gui/Qt5Gui_QOffscreenIntegrationPlugin.cmake">
			<Option virtualFolder="CMake Files\..\..\..\..\Qt\Qt5.14.2\5.14.2\mingw73_64\lib\cmake\Qt5Gui\"/>
		</Unit>
		<Unit filename="C:/Users/INTEL/Desktop/Calibration/../../../../Qt/Qt5.14.2/5.14.2/mingw73_64/lib/cmake/Qt5Gui/Qt5Gui_QSvgIconPlugin.cmake">
			<Option virtualFolder="CMake Files\..\..\..\..\Qt\Qt5.14.2\5.14.2\mingw73_64\lib\cmake\Qt5Gui\"/>
		</Unit>
		<Unit filename="C:/Users/INTEL/Desktop/Calibration/../../../../Qt/Qt5.14.2/5.14.2/mingw73_64/lib/cmake/Qt5Gui/Qt5Gui_QSvgPlugin.cmake">
			<Option virtualFolder="CMake Files\..\..\..\..\Qt\Qt5.14.2\5.14.2\mingw73_64\lib\cmake\Qt5Gui\"/>
		</Unit>
		<Unit filename="C:/Users/INTEL/Desktop/Calibration/../../../../Qt/Qt5.14.2/5.14.2/mingw73_64/lib/cmake/Qt5Gui/Qt5Gui_QTgaPlugin.cmake">
			<Option virtualFolder="CMake Files\..\..\..\..\Qt\Qt5.14.2\5.14.2\mingw73_64\lib\cmake\Qt5Gui\"/>
		</Unit>
		<Unit filename="C:/Users/INTEL/Desktop/Calibration/../../../../Qt/Qt5.14.2/5.14.2/mingw73_64/lib/cmake/Qt5Gui/Qt5Gui_QTiffPlugin.cmake">
			<Option virtualFolder="CMake Files\..\..\..\..\Qt\Qt5.14.2\5.14.2\mingw73_64\lib\cmake\Qt5Gui\"/>
		</Unit>
		<Unit filename="C:/Users/INTEL/Desktop/Calibration/../../../../Qt/Qt5.14.2/5.14.2/mingw73_64/lib/cmake/Qt5Gui/Qt5Gui_QTuioTouchPlugin.cmake">
			<Option virtualFolder="CMake Files\..\..\..\..\Qt\Qt5.14.2\5.14.2\mingw73_64\lib\cmake\Qt5Gui\"/>
		</Unit>
		<Unit filename="C:/Users/INTEL/Desktop/Calibration/../../../../Qt/Qt5.14.2/5.14.2/mingw73_64/lib/cmake/Qt5Gui/Qt5Gui_QVirtualKeyboardPlugin.cmake">
			<Option virtualFolder="CMake Files\..\..\..\..\Qt\Qt5.14.2\5.14.2\mingw73_64\lib\cmake\Qt5Gui\"/>
		</Unit>
		<Unit filename="C:/Users/INTEL/Desktop/Calibration/../../../../Qt/Qt5.14.2/5.14.2/mingw73_64/lib/cmake/Qt5Gui/Qt5Gui_QWbmpPlugin.cmake">
			<Option virtualFolder="CMake Files\..\..\..\..\Qt\Qt5.14.2\5.14.2\mingw73_64\lib\cmake\Qt5Gui\"/>
		</Unit>
		<Unit filename="C:/Users/INTEL/Desktop/Calibration/../../../../Qt/Qt5.14.2/5.14.2/mingw73_64/lib/cmake/Qt5Gui/Qt5Gui_QWebGLIntegrationPlugin.cmake">
			<Option virtualFolder="CMake Files\..\..\..\..\Qt\Qt5.14.2\5.14.2\mingw73_64\lib\cmake\Qt5Gui\"/>
		</Unit>
		<Unit filename="C:/Users/INTEL/Desktop/Calibration/../../../../Qt/Qt5.14.2/5.14.2/mingw73_64/lib/cmake/Qt5Gui/Qt5Gui_QWebpPlugin.cmake">
			<Option virtualFolder="CMake Files\..\..\..\..\Qt\Qt5.14.2\5.14.2\mingw73_64\lib\cmake\Qt5Gui\"/>
		</Unit>
		<Unit filename="C:/Users/INTEL/Desktop/Calibration/../../../../Qt/Qt5.14.2/5.14.2/mingw73_64/lib/cmake/Qt5Gui/Qt5Gui_QWindowsDirect2DIntegrationPlugin.cmake">
			<Option virtualFolder="CMake Files\..\..\..\..\Qt\Qt5.14.2\5.14.2\mingw73_64\lib\cmake\Qt5Gui\"/>
		</Unit>
		<Unit filename="C:/Users/INTEL/Desktop/Calibration/../../../../Qt/Qt5.14.2/5.14.2/mingw73_64/lib/cmake/Qt5Gui/Qt5Gui_QWindowsIntegrationPlugin.cmake">
			<Option virtualFolder="CMake Files\..\..\..\..\Qt\Qt5.14.2\5.14.2\mingw73_64\lib\cmake\Qt5Gui\"/>
		</Unit>
		<Unit filename="C:/Users/INTEL/Desktop/Calibration/../../../../Qt/Qt5.14.2/5.14.2/mingw73_64/lib/cmake/Qt5Gui/Qt5Gui_QXdgDesktopPortalThemePlugin.cmake">
			<Option virtualFolder="CMake Files\..\..\..\..\Qt\Qt5.14.2\5.14.2\mingw73_64\lib\cmake\Qt5Gui\"/>
		</Unit>
		<Unit filename="C:/Users/INTEL/Desktop/Calibration/../../../../Qt/Qt5.14.2/5.14.2/mingw73_64/lib/cmake/Qt5Core/Qt5CoreConfig.cmake">
			<Option virtualFolder="CMake Files\..\..\..\..\Qt\Qt5.14.2\5.14.2\mingw73_64\lib\cmake\Qt5Core\"/>
		</Unit>
		<Unit filename="C:/Users/INTEL/Desktop/Calibration/../../../../Qt/Qt5.14.2/5.14.2/mingw73_64/lib/cmake/Qt5Core/Qt5CoreConfigExtras.cmake">
			<Option virtualFolder="CMake Files\..\..\..\..\Qt\Qt5.14.2\5.14.2\mingw73_64\lib\cmake\Qt5Core\"/>
		</Unit>
		<Unit filename="C:/Users/INTEL/Desktop/Calibration/../../../../Qt/Qt5.14.2/5.14.2/mingw73_64/lib/cmake/Qt5Core/Qt5CoreConfigExtrasMkspecDir.cmake">
			<Option virtualFolder="CMake Files\..\..\..\..\Qt\Qt5.14.2\5.14.2\mingw73_64\lib\cmake\Qt5Core\"/>
		</Unit>
		<Unit filename="C:/Users/INTEL/Desktop/Calibration/../../../../Qt/Qt5.14.2/5.14.2/mingw73_64/lib/cmake/Qt5Core/Qt5CoreConfigVersion.cmake">
			<Option virtualFolder="CMake Files\..\..\..\..\Qt\Qt5.14.2\5.14.2\mingw73_64\lib\cmake\Qt5Core\"/>
		</Unit>
		<Unit filename="C:/Users/INTEL/Desktop/Calibration/../../../../Qt/Qt5.14.2/5.14.2/mingw73_64/lib/cmake/Qt5Core/Qt5CoreMacros.cmake">
			<Option virtualFolder="CMake Files\..\..\..\..\Qt\Qt5.14.2\5.14.2\mingw73_64\lib\cmake\Qt5Core\"/>
		</Unit>
		<Unit filename="C:/Users/INTEL/Desktop/Calibration/../../../../Qt/Qt5.14.2/5.14.2/mingw73_64/lib/cmake/Qt5LinguistTools/Qt5LinguistToolsConfig.cmake">
			<Option virtualFolder="CMake Files\..\..\..\..\Qt\Qt5.14.2\5.14.2\mingw73_64\lib\cmake\Qt5LinguistTools\"/>
		</Unit>
		<Unit filename="C:/Users/INTEL/Desktop/Calibration/../../../../Qt/Qt5.14.2/5.14.2/mingw73_64/lib/cmake/Qt5LinguistTools/Qt5LinguistToolsConfigVersion.cmake">
			<Option virtualFolder="CMake Files\..\..\..\..\Qt\Qt5.14.2\5.14.2\mingw73_64\lib\cmake\Qt5LinguistTools\"/>
		</Unit>
		<Unit filename="C:/Users/INTEL/Desktop/Calibration/../../../../Qt/Qt5.14.2/5.14.2/mingw73_64/lib/cmake/Qt5LinguistTools/Qt5LinguistToolsMacros.cmake">
			<Option virtualFolder="CMake Files\..\..\..\..\Qt\Qt5.14.2\5.14.2\mingw73_64\lib\cmake\Qt5LinguistTools\"/>
		</Unit>
		<Unit filename="C:/Users/INTEL/Desktop/Calibration/../../../../Development/opencv411/OpenCVConfig-version.cmake">
			<Option virtualFolder="CMake Files\..\..\..\..\Development\opencv411\"/>
		</Unit>
		<Unit filename="C:/Users/INTEL/Desktop/Calibration/../../../../Development/opencv411/OpenCVConfig.cmake">
			<Option virtualFolder="CMake Files\..\..\..\..\Development\opencv411\"/>
		</Unit>
		<Unit filename="C:/Users/INTEL/Desktop/Calibration/../../../../Development/opencv411/x64/mingw/lib/OpenCVConfig.cmake">
			<Option virtualFolder="CMake Files\..\..\..\..\Development\opencv411\x64\mingw\lib\"/>
		</Unit>
		<Unit filename="C:/Users/INTEL/Desktop/Calibration/../../../../Development/opencv411/x64/mingw/lib/OpenCVModules-release.cmake">
			<Option virtualFolder="CMake Files\..\..\..\..\Development\opencv411\x64\mingw\lib\"/>
		</Unit>
		<Unit filename="C:/Users/INTEL/Desktop/Calibration/../../../../Development/opencv411/x64/mingw/lib/OpenCVModules.cmake">
			<Option virtualFolder="CMake Files\..\..\..\..\Development\opencv411\x64\mingw\lib\"/>
		</Unit>
	</Project>
</CodeBlocks_project_file>
